// !$*UTF8*$!
{
	archiveVersion = 1;
	classes = {
	};
	objectVersion = 46;
	objects = {

/* Begin PBXBuildFile section */
		2CB519695D82633C0130832E /* libPods-DemoApp.a in Frameworks */ = {isa = PBXBuildFile; fileRef = A72D8235D74C7DC87484FA5E /* libPods-DemoApp.a */; };
		4D00CD821CC54FC000566FCD /* MKVKTableViewController.m in Sources */ = {isa = PBXBuildFile; fileRef = 4D00CD811CC54FC000566FCD /* MKVKTableViewController.m */; };
		4D00CD851CC5501000566FCD /* MKVKPostViewController.m in Sources */ = {isa = PBXBuildFile; fileRef = 4D00CD841CC5501000566FCD /* MKVKPostViewController.m */; };
		4D00CD8D1CC5523E00566FCD /* MKVKLoginViewController.m in Sources */ = {isa = PBXBuildFile; fileRef = 4D00CD8C1CC5523E00566FCD /* MKVKLoginViewController.m */; };
		4D00CD901CC56E6C00566FCD /* MKVKNavigationViewController.m in Sources */ = {isa = PBXBuildFile; fileRef = 4D00CD8F1CC56E6C00566FCD /* MKVKNavigationViewController.m */; };
		4D0313E61CC670CF009A0685 /* SafariServices.framework in Frameworks */ = {isa = PBXBuildFile; fileRef = 4D0313E51CC670CF009A0685 /* SafariServices.framework */; settings = {ATTRIBUTES = (Required, ); }; };
		4D13AD581CC4D81B00261C51 /* MKNotesViewController.m in Sources */ = {isa = PBXBuildFile; fileRef = 4D13AD571CC4D81B00261C51 /* MKNotesViewController.m */; };
		4D9998551CB6E08600760156 /* MKNotesTableViewController.m in Sources */ = {isa = PBXBuildFile; fileRef = 4D9998541CB6E08600760156 /* MKNotesTableViewController.m */; };
		4DA016541CB65BA4006670BE /* MKMapViewController.m in Sources */ = {isa = PBXBuildFile; fileRef = 4DA016531CB65BA4006670BE /* MKMapViewController.m */; };
		4DA016571CB65E4B006670BE /* MKSidebarTableViewController.m in Sources */ = {isa = PBXBuildFile; fileRef = 4DA016561CB65E4B006670BE /* MKSidebarTableViewController.m */; };
		4DA016591CB66331006670BE /* MapKit.framework in Frameworks */ = {isa = PBXBuildFile; fileRef = 4DA016581CB66331006670BE /* MapKit.framework */; };
		4DA0165C1CB66626006670BE /* locations.plist in Resources */ = {isa = PBXBuildFile; fileRef = 4DA0165B1CB66626006670BE /* locations.plist */; };
		4DA0165F1CB6672E006670BE /* MKDataManager.m in Sources */ = {isa = PBXBuildFile; fileRef = 4DA0165E1CB6672E006670BE /* MKDataManager.m */; };
		4DA016621CB66C7F006670BE /* MKMapAnnotation.m in Sources */ = {isa = PBXBuildFile; fileRef = 4DA016611CB66C7F006670BE /* MKMapAnnotation.m */; };
		4DA016651CB67AF4006670BE /* MKMapDataManager.m in Sources */ = {isa = PBXBuildFile; fileRef = 4DA016641CB67AF4006670BE /* MKMapDataManager.m */; };
		4DB3EA9C1CC7AB3400CFC547 /* MKPost.m in Sources */ = {isa = PBXBuildFile; fileRef = 4DB3EA9B1CC7AB3400CFC547 /* MKPost.m */; };
		4DC41A9A1CC8E013005F2FA9 /* SWRevealViewController.m in Sources */ = {isa = PBXBuildFile; fileRef = 4DC41A991CC8E013005F2FA9 /* SWRevealViewController.m */; };
		4DC41A9D1CC8E0C3005F2FA9 /* MKPostCell.m in Sources */ = {isa = PBXBuildFile; fileRef = 4DC41A9C1CC8E0C3005F2FA9 /* MKPostCell.m */; };
		4DC41AA01CC8E260005F2FA9 /* menu.png in Resources */ = {isa = PBXBuildFile; fileRef = 4DC41A9E1CC8E260005F2FA9 /* menu.png */; };
		4DC41AA11CC8E260005F2FA9 /* menu@2x.png in Resources */ = {isa = PBXBuildFile; fileRef = 4DC41A9F1CC8E260005F2FA9 /* menu@2x.png */; };
		4DE517701CB8425800B1F101 /* CoreData.framework in Frameworks */ = {isa = PBXBuildFile; fileRef = 4DE5176F1CB8425800B1F101 /* CoreData.framework */; };
		4DE517781CB8449000B1F101 /* MKNote+CoreDataProperties.m in Sources */ = {isa = PBXBuildFile; fileRef = 4DE517751CB8449000B1F101 /* MKNote+CoreDataProperties.m */; };
		4DE517791CB8449000B1F101 /* MKNote.m in Sources */ = {isa = PBXBuildFile; fileRef = 4DE517771CB8449000B1F101 /* MKNote.m */; };
		4DFCD9AD1CB5634A009B22F9 /* main.m in Sources */ = {isa = PBXBuildFile; fileRef = 4DFCD9AC1CB5634A009B22F9 /* main.m */; };
		4DFCD9B01CB5634A009B22F9 /* MKAppDelegate.m in Sources */ = {isa = PBXBuildFile; fileRef = 4DFCD9AF1CB5634A009B22F9 /* MKAppDelegate.m */; };
		4DFCD9B31CB5634A009B22F9 /* MKMainViewController.m in Sources */ = {isa = PBXBuildFile; fileRef = 4DFCD9B21CB5634A009B22F9 /* MKMainViewController.m */; };
		4DFCD9B61CB5634A009B22F9 /* Main.storyboard in Resources */ = {isa = PBXBuildFile; fileRef = 4DFCD9B41CB5634A009B22F9 /* Main.storyboard */; };
		4DFCD9B91CB5634A009B22F9 /* DemoApp.xcdatamodeld in Sources */ = {isa = PBXBuildFile; fileRef = 4DFCD9B71CB5634A009B22F9 /* DemoApp.xcdatamodeld */; };
		4DFCD9BB1CB5634A009B22F9 /* Assets.xcassets in Resources */ = {isa = PBXBuildFile; fileRef = 4DFCD9BA1CB5634A009B22F9 /* Assets.xcassets */; };
		4DFCD9BE1CB5634A009B22F9 /* LaunchScreen.storyboard in Resources */ = {isa = PBXBuildFile; fileRef = 4DFCD9BC1CB5634A009B22F9 /* LaunchScreen.storyboard */; };
		4DFCD9C91CB5634A009B22F9 /* DemoAppTests.m in Sources */ = {isa = PBXBuildFile; fileRef = 4DFCD9C81CB5634A009B22F9 /* DemoAppTests.m */; };
		4DFCD9D41CB5634A009B22F9 /* DemoAppUITests.m in Sources */ = {isa = PBXBuildFile; fileRef = 4DFCD9D31CB5634A009B22F9 /* DemoAppUITests.m */; };
/* End PBXBuildFile section */

/* Begin PBXContainerItemProxy section */
		4DFCD9C51CB5634A009B22F9 /* PBXContainerItemProxy */ = {
			isa = PBXContainerItemProxy;
			containerPortal = 4DFCD9A01CB5634A009B22F9 /* Project object */;
			proxyType = 1;
			remoteGlobalIDString = 4DFCD9A71CB5634A009B22F9;
			remoteInfo = DemoApp;
		};
		4DFCD9D01CB5634A009B22F9 /* PBXContainerItemProxy */ = {
			isa = PBXContainerItemProxy;
			containerPortal = 4DFCD9A01CB5634A009B22F9 /* Project object */;
			proxyType = 1;
			remoteGlobalIDString = 4DFCD9A71CB5634A009B22F9;
			remoteInfo = DemoApp;
		};
/* End PBXContainerItemProxy section */

/* Begin PBXFileReference section */
		38D2CB439A8E2E52EB377F77 /* Pods-DemoApp.release.xcconfig */ = {isa = PBXFileReference; includeInIndex = 1; lastKnownFileType = text.xcconfig; name = "Pods-DemoApp.release.xcconfig"; path = "Pods/Target Support Files/Pods-DemoApp/Pods-DemoApp.release.xcconfig"; sourceTree = "<group>"; };
		40F03144E14C7340CAA67543 /* Pods-DemoApp.debug.xcconfig */ = {isa = PBXFileReference; includeInIndex = 1; lastKnownFileType = text.xcconfig; name = "Pods-DemoApp.debug.xcconfig"; path = "Pods/Target Support Files/Pods-DemoApp/Pods-DemoApp.debug.xcconfig"; sourceTree = "<group>"; };
		4D00CD801CC54FC000566FCD /* MKVKTableViewController.h */ = {isa = PBXFileReference; fileEncoding = 4; lastKnownFileType = sourcecode.c.h; path = MKVKTableViewController.h; sourceTree = "<group>"; };
		4D00CD811CC54FC000566FCD /* MKVKTableViewController.m */ = {isa = PBXFileReference; fileEncoding = 4; lastKnownFileType = sourcecode.c.objc; path = MKVKTableViewController.m; sourceTree = "<group>"; };
		4D00CD831CC5501000566FCD /* MKVKPostViewController.h */ = {isa = PBXFileReference; fileEncoding = 4; lastKnownFileType = sourcecode.c.h; path = MKVKPostViewController.h; sourceTree = "<group>"; };
		4D00CD841CC5501000566FCD /* MKVKPostViewController.m */ = {isa = PBXFileReference; fileEncoding = 4; lastKnownFileType = sourcecode.c.objc; path = MKVKPostViewController.m; sourceTree = "<group>"; };
		4D00CD8B1CC5523E00566FCD /* MKVKLoginViewController.h */ = {isa = PBXFileReference; fileEncoding = 4; lastKnownFileType = sourcecode.c.h; path = MKVKLoginViewController.h; sourceTree = "<group>"; };
		4D00CD8C1CC5523E00566FCD /* MKVKLoginViewController.m */ = {isa = PBXFileReference; fileEncoding = 4; lastKnownFileType = sourcecode.c.objc; path = MKVKLoginViewController.m; sourceTree = "<group>"; };
		4D00CD8E1CC56E6C00566FCD /* MKVKNavigationViewController.h */ = {isa = PBXFileReference; fileEncoding = 4; lastKnownFileType = sourcecode.c.h; path = MKVKNavigationViewController.h; sourceTree = "<group>"; };
		4D00CD8F1CC56E6C00566FCD /* MKVKNavigationViewController.m */ = {isa = PBXFileReference; fileEncoding = 4; lastKnownFileType = sourcecode.c.objc; path = MKVKNavigationViewController.m; sourceTree = "<group>"; };
		4D0313E51CC670CF009A0685 /* SafariServices.framework */ = {isa = PBXFileReference; lastKnownFileType = wrapper.framework; name = SafariServices.framework; path = System/Library/Frameworks/SafariServices.framework; sourceTree = SDKROOT; };
		4D13AD561CC4D81B00261C51 /* MKNotesViewController.h */ = {isa = PBXFileReference; fileEncoding = 4; lastKnownFileType = sourcecode.c.h; path = MKNotesViewController.h; sourceTree = "<group>"; };
		4D13AD571CC4D81B00261C51 /* MKNotesViewController.m */ = {isa = PBXFileReference; fileEncoding = 4; lastKnownFileType = sourcecode.c.objc; path = MKNotesViewController.m; sourceTree = "<group>"; };
		4D9998531CB6E08500760156 /* MKNotesTableViewController.h */ = {isa = PBXFileReference; fileEncoding = 4; lastKnownFileType = sourcecode.c.h; path = MKNotesTableViewController.h; sourceTree = "<group>"; };
		4D9998541CB6E08600760156 /* MKNotesTableViewController.m */ = {isa = PBXFileReference; fileEncoding = 4; lastKnownFileType = sourcecode.c.objc; path = MKNotesTableViewController.m; sourceTree = "<group>"; };
		4DA016521CB65BA4006670BE /* MKMapViewController.h */ = {isa = PBXFileReference; fileEncoding = 4; lastKnownFileType = sourcecode.c.h; path = MKMapViewController.h; sourceTree = "<group>"; };
		4DA016531CB65BA4006670BE /* MKMapViewController.m */ = {isa = PBXFileReference; fileEncoding = 4; lastKnownFileType = sourcecode.c.objc; path = MKMapViewController.m; sourceTree = "<group>"; };
		4DA016551CB65E4B006670BE /* MKSidebarTableViewController.h */ = {isa = PBXFileReference; fileEncoding = 4; lastKnownFileType = sourcecode.c.h; path = MKSidebarTableViewController.h; sourceTree = "<group>"; };
		4DA016561CB65E4B006670BE /* MKSidebarTableViewController.m */ = {isa = PBXFileReference; fileEncoding = 4; lastKnownFileType = sourcecode.c.objc; path = MKSidebarTableViewController.m; sourceTree = "<group>"; };
		4DA016581CB66331006670BE /* MapKit.framework */ = {isa = PBXFileReference; lastKnownFileType = wrapper.framework; name = MapKit.framework; path = System/Library/Frameworks/MapKit.framework; sourceTree = SDKROOT; };
		4DA0165B1CB66626006670BE /* locations.plist */ = {isa = PBXFileReference; fileEncoding = 4; lastKnownFileType = text.plist.xml; path = locations.plist; sourceTree = "<group>"; };
		4DA0165D1CB6672E006670BE /* MKDataManager.h */ = {isa = PBXFileReference; fileEncoding = 4; lastKnownFileType = sourcecode.c.h; path = MKDataManager.h; sourceTree = "<group>"; };
		4DA0165E1CB6672E006670BE /* MKDataManager.m */ = {isa = PBXFileReference; fileEncoding = 4; lastKnownFileType = sourcecode.c.objc; path = MKDataManager.m; sourceTree = "<group>"; };
		4DA016601CB66C7F006670BE /* MKMapAnnotation.h */ = {isa = PBXFileReference; fileEncoding = 4; lastKnownFileType = sourcecode.c.h; path = MKMapAnnotation.h; sourceTree = "<group>"; };
		4DA016611CB66C7F006670BE /* MKMapAnnotation.m */ = {isa = PBXFileReference; fileEncoding = 4; lastKnownFileType = sourcecode.c.objc; path = MKMapAnnotation.m; sourceTree = "<group>"; };
		4DA016631CB67AF4006670BE /* MKMapDataManager.h */ = {isa = PBXFileReference; fileEncoding = 4; lastKnownFileType = sourcecode.c.h; path = MKMapDataManager.h; sourceTree = "<group>"; };
		4DA016641CB67AF4006670BE /* MKMapDataManager.m */ = {isa = PBXFileReference; fileEncoding = 4; lastKnownFileType = sourcecode.c.objc; path = MKMapDataManager.m; sourceTree = "<group>"; };
		4DB3EA9A1CC7AB3400CFC547 /* MKPost.h */ = {isa = PBXFileReference; fileEncoding = 4; lastKnownFileType = sourcecode.c.h; path = MKPost.h; sourceTree = "<group>"; };
		4DB3EA9B1CC7AB3400CFC547 /* MKPost.m */ = {isa = PBXFileReference; fileEncoding = 4; lastKnownFileType = sourcecode.c.objc; path = MKPost.m; sourceTree = "<group>"; };
		4DC41A981CC8E013005F2FA9 /* SWRevealViewController.h */ = {isa = PBXFileReference; fileEncoding = 4; lastKnownFileType = sourcecode.c.h; path = SWRevealViewController.h; sourceTree = "<group>"; };
		4DC41A991CC8E013005F2FA9 /* SWRevealViewController.m */ = {isa = PBXFileReference; fileEncoding = 4; lastKnownFileType = sourcecode.c.objc; path = SWRevealViewController.m; sourceTree = "<group>"; };
		4DC41A9B1CC8E0C3005F2FA9 /* MKPostCell.h */ = {isa = PBXFileReference; fileEncoding = 4; lastKnownFileType = sourcecode.c.h; name = MKPostCell.h; path = DemoApp/MKPostCell.h; sourceTree = "<group>"; };
		4DC41A9C1CC8E0C3005F2FA9 /* MKPostCell.m */ = {isa = PBXFileReference; fileEncoding = 4; lastKnownFileType = sourcecode.c.objc; name = MKPostCell.m; path = DemoApp/MKPostCell.m; sourceTree = "<group>"; };
		4DC41A9E1CC8E260005F2FA9 /* menu.png */ = {isa = PBXFileReference; lastKnownFileType = image.png; path = menu.png; sourceTree = "<group>"; };
		4DC41A9F1CC8E260005F2FA9 /* menu@2x.png */ = {isa = PBXFileReference; lastKnownFileType = image.png; path = "menu@2x.png"; sourceTree = "<group>"; };
		4DE5176F1CB8425800B1F101 /* CoreData.framework */ = {isa = PBXFileReference; lastKnownFileType = wrapper.framework; name = CoreData.framework; path = System/Library/Frameworks/CoreData.framework; sourceTree = SDKROOT; };
		4DE517741CB8449000B1F101 /* MKNote+CoreDataProperties.h */ = {isa = PBXFileReference; fileEncoding = 4; lastKnownFileType = sourcecode.c.h; path = "MKNote+CoreDataProperties.h"; sourceTree = "<group>"; };
		4DE517751CB8449000B1F101 /* MKNote+CoreDataProperties.m */ = {isa = PBXFileReference; fileEncoding = 4; lastKnownFileType = sourcecode.c.objc; path = "MKNote+CoreDataProperties.m"; sourceTree = "<group>"; };
		4DE517761CB8449000B1F101 /* MKNote.h */ = {isa = PBXFileReference; fileEncoding = 4; lastKnownFileType = sourcecode.c.h; path = MKNote.h; sourceTree = "<group>"; };
		4DE517771CB8449000B1F101 /* MKNote.m */ = {isa = PBXFileReference; fileEncoding = 4; lastKnownFileType = sourcecode.c.objc; path = MKNote.m; sourceTree = "<group>"; };
		4DFCD9A81CB5634A009B22F9 /* DemoApp.app */ = {isa = PBXFileReference; explicitFileType = wrapper.application; includeInIndex = 0; path = DemoApp.app; sourceTree = BUILT_PRODUCTS_DIR; };
		4DFCD9AC1CB5634A009B22F9 /* main.m */ = {isa = PBXFileReference; lastKnownFileType = sourcecode.c.objc; path = main.m; sourceTree = "<group>"; };
		4DFCD9AE1CB5634A009B22F9 /* MKAppDelegate.h */ = {isa = PBXFileReference; lastKnownFileType = sourcecode.c.h; path = MKAppDelegate.h; sourceTree = "<group>"; };
		4DFCD9AF1CB5634A009B22F9 /* MKAppDelegate.m */ = {isa = PBXFileReference; lastKnownFileType = sourcecode.c.objc; path = MKAppDelegate.m; sourceTree = "<group>"; };
		4DFCD9B11CB5634A009B22F9 /* MKMainViewController.h */ = {isa = PBXFileReference; lastKnownFileType = sourcecode.c.h; path = MKMainViewController.h; sourceTree = "<group>"; };
		4DFCD9B21CB5634A009B22F9 /* MKMainViewController.m */ = {isa = PBXFileReference; lastKnownFileType = sourcecode.c.objc; path = MKMainViewController.m; sourceTree = "<group>"; };
		4DFCD9B51CB5634A009B22F9 /* Base */ = {isa = PBXFileReference; lastKnownFileType = file.storyboard; name = Base; path = Base.lproj/Main.storyboard; sourceTree = "<group>"; };
		4DFCD9B81CB5634A009B22F9 /* DemoApp.xcdatamodel */ = {isa = PBXFileReference; lastKnownFileType = wrapper.xcdatamodel; path = DemoApp.xcdatamodel; sourceTree = "<group>"; };
		4DFCD9BA1CB5634A009B22F9 /* Assets.xcassets */ = {isa = PBXFileReference; lastKnownFileType = folder.assetcatalog; path = Assets.xcassets; sourceTree = "<group>"; };
		4DFCD9BD1CB5634A009B22F9 /* Base */ = {isa = PBXFileReference; lastKnownFileType = file.storyboard; name = Base; path = Base.lproj/LaunchScreen.storyboard; sourceTree = "<group>"; };
		4DFCD9BF1CB5634A009B22F9 /* Info.plist */ = {isa = PBXFileReference; lastKnownFileType = text.plist.xml; path = Info.plist; sourceTree = "<group>"; };
		4DFCD9C41CB5634A009B22F9 /* DemoAppTests.xctest */ = {isa = PBXFileReference; explicitFileType = wrapper.cfbundle; includeInIndex = 0; path = DemoAppTests.xctest; sourceTree = BUILT_PRODUCTS_DIR; };
		4DFCD9C81CB5634A009B22F9 /* DemoAppTests.m */ = {isa = PBXFileReference; lastKnownFileType = sourcecode.c.objc; path = DemoAppTests.m; sourceTree = "<group>"; };
		4DFCD9CA1CB5634A009B22F9 /* Info.plist */ = {isa = PBXFileReference; lastKnownFileType = text.plist.xml; path = Info.plist; sourceTree = "<group>"; };
		4DFCD9CF1CB5634A009B22F9 /* DemoAppUITests.xctest */ = {isa = PBXFileReference; explicitFileType = wrapper.cfbundle; includeInIndex = 0; path = DemoAppUITests.xctest; sourceTree = BUILT_PRODUCTS_DIR; };
		4DFCD9D31CB5634A009B22F9 /* DemoAppUITests.m */ = {isa = PBXFileReference; lastKnownFileType = sourcecode.c.objc; path = DemoAppUITests.m; sourceTree = "<group>"; };
		4DFCD9D51CB5634A009B22F9 /* Info.plist */ = {isa = PBXFileReference; lastKnownFileType = text.plist.xml; path = Info.plist; sourceTree = "<group>"; };
		A72D8235D74C7DC87484FA5E /* libPods-DemoApp.a */ = {isa = PBXFileReference; explicitFileType = archive.ar; includeInIndex = 0; path = "libPods-DemoApp.a"; sourceTree = BUILT_PRODUCTS_DIR; };
/* End PBXFileReference section */

/* Begin PBXFrameworksBuildPhase section */
		4DFCD9A51CB5634A009B22F9 /* Frameworks */ = {
			isa = PBXFrameworksBuildPhase;
			buildActionMask = 2147483647;
			files = (
				4D0313E61CC670CF009A0685 /* SafariServices.framework in Frameworks */,
				4DE517701CB8425800B1F101 /* CoreData.framework in Frameworks */,
				4DA016591CB66331006670BE /* MapKit.framework in Frameworks */,
				2CB519695D82633C0130832E /* libPods-DemoApp.a in Frameworks */,
			);
			runOnlyForDeploymentPostprocessing = 0;
		};
		4DFCD9C11CB5634A009B22F9 /* Frameworks */ = {
			isa = PBXFrameworksBuildPhase;
			buildActionMask = 2147483647;
			files = (
			);
			runOnlyForDeploymentPostprocessing = 0;
		};
		4DFCD9CC1CB5634A009B22F9 /* Frameworks */ = {
			isa = PBXFrameworksBuildPhase;
			buildActionMask = 2147483647;
			files = (
			);
			runOnlyForDeploymentPostprocessing = 0;
		};
/* End PBXFrameworksBuildPhase section */

/* Begin PBXGroup section */
		4DA0164D1CB65830006670BE /* img */ = {
			isa = PBXGroup;
			children = (
				4DC41A9E1CC8E260005F2FA9 /* menu.png */,
				4DC41A9F1CC8E260005F2FA9 /* menu@2x.png */,
			);
			name = img;
			sourceTree = "<group>";
		};
		4DA0165A1CB6635A006670BE /* Frameworks */ = {
			isa = PBXGroup;
			children = (
				4D0313E51CC670CF009A0685 /* SafariServices.framework */,
				4DE5176F1CB8425800B1F101 /* CoreData.framework */,
				4DA016581CB66331006670BE /* MapKit.framework */,
				A72D8235D74C7DC87484FA5E /* libPods-DemoApp.a */,
			);
			name = Frameworks;
			sourceTree = "<group>";
		};
		4DB3EA961CC7A9C900CFC547 /* Cells */ = {
			isa = PBXGroup;
			children = (
				4DC41A9B1CC8E0C3005F2FA9 /* MKPostCell.h */,
				4DC41A9C1CC8E0C3005F2FA9 /* MKPostCell.m */,
			);
			name = Cells;
			path = ..;
			sourceTree = "<group>";
		};
		4DC41A931CC8D487005F2FA9 /* DataManagers */ = {
			isa = PBXGroup;
			children = (
				4DA0165D1CB6672E006670BE /* MKDataManager.h */,
				4DA0165E1CB6672E006670BE /* MKDataManager.m */,
				4DA016631CB67AF4006670BE /* MKMapDataManager.h */,
				4DA016641CB67AF4006670BE /* MKMapDataManager.m */,
			);
			name = DataManagers;
			sourceTree = "<group>";
		};
		4DC41A941CC8D531005F2FA9 /* Views */ = {
			isa = PBXGroup;
			children = (
				4DFCD9B11CB5634A009B22F9 /* MKMainViewController.h */,
				4DFCD9B21CB5634A009B22F9 /* MKMainViewController.m */,
				4DA016551CB65E4B006670BE /* MKSidebarTableViewController.h */,
				4DA016561CB65E4B006670BE /* MKSidebarTableViewController.m */,
				4DA016521CB65BA4006670BE /* MKMapViewController.h */,
				4DA016531CB65BA4006670BE /* MKMapViewController.m */,
				4D9998531CB6E08500760156 /* MKNotesTableViewController.h */,
				4D9998541CB6E08600760156 /* MKNotesTableViewController.m */,
				4D13AD561CC4D81B00261C51 /* MKNotesViewController.h */,
				4D13AD571CC4D81B00261C51 /* MKNotesViewController.m */,
				4D00CD801CC54FC000566FCD /* MKVKTableViewController.h */,
				4D00CD811CC54FC000566FCD /* MKVKTableViewController.m */,
				4D00CD831CC5501000566FCD /* MKVKPostViewController.h */,
				4D00CD841CC5501000566FCD /* MKVKPostViewController.m */,
				4D00CD8B1CC5523E00566FCD /* MKVKLoginViewController.h */,
				4D00CD8C1CC5523E00566FCD /* MKVKLoginViewController.m */,
				4D00CD8E1CC56E6C00566FCD /* MKVKNavigationViewController.h */,
				4D00CD8F1CC56E6C00566FCD /* MKVKNavigationViewController.m */,
				4DFCD9B41CB5634A009B22F9 /* Main.storyboard */,
				4DFCD9BC1CB5634A009B22F9 /* LaunchScreen.storyboard */,
			);
			name = Views;
			sourceTree = "<group>";
		};
		4DFCD99F1CB5634A009B22F9 = {
			isa = PBXGroup;
			children = (
				4DFCD9AA1CB5634A009B22F9 /* DemoApp */,
				4DFCD9C71CB5634A009B22F9 /* DemoAppTests */,
				4DFCD9D21CB5634A009B22F9 /* DemoAppUITests */,
				4DFCD9A91CB5634A009B22F9 /* Products */,
				4DA0165A1CB6635A006670BE /* Frameworks */,
				5575F968CBB690F0D4BFB8B8 /* Pods */,
			);
			sourceTree = "<group>";
		};
		4DFCD9A91CB5634A009B22F9 /* Products */ = {
			isa = PBXGroup;
			children = (
				4DFCD9A81CB5634A009B22F9 /* DemoApp.app */,
				4DFCD9C41CB5634A009B22F9 /* DemoAppTests.xctest */,
				4DFCD9CF1CB5634A009B22F9 /* DemoAppUITests.xctest */,
			);
			name = Products;
			sourceTree = "<group>";
		};
		4DFCD9AA1CB5634A009B22F9 /* DemoApp */ = {
			isa = PBXGroup;
			children = (
				4DFCD9E11CB56919009B22F9 /* Libs */,
				4DFCD9E21CB56921009B22F9 /* Models */,
				4DC41A931CC8D487005F2FA9 /* DataManagers */,
				4DC41A941CC8D531005F2FA9 /* Views */,
				4DB3EA961CC7A9C900CFC547 /* Cells */,
				4DFCD9AB1CB5634A009B22F9 /* Supporting Files */,
			);
			path = DemoApp;
			sourceTree = "<group>";
		};
		4DFCD9AB1CB5634A009B22F9 /* Supporting Files */ = {
			isa = PBXGroup;
			children = (
				4DA0164D1CB65830006670BE /* img */,
				4DFCD9AE1CB5634A009B22F9 /* MKAppDelegate.h */,
				4DFCD9AF1CB5634A009B22F9 /* MKAppDelegate.m */,
				4DFCD9AC1CB5634A009B22F9 /* main.m */,
				4DA0165B1CB66626006670BE /* locations.plist */,
				4DFCD9BF1CB5634A009B22F9 /* Info.plist */,
				4DFCD9BA1CB5634A009B22F9 /* Assets.xcassets */,
			);
			name = "Supporting Files";
			sourceTree = "<group>";
		};
		4DFCD9C71CB5634A009B22F9 /* DemoAppTests */ = {
			isa = PBXGroup;
			children = (
				4DFCD9C81CB5634A009B22F9 /* DemoAppTests.m */,
				4DFCD9CA1CB5634A009B22F9 /* Info.plist */,
			);
			path = DemoAppTests;
			sourceTree = "<group>";
		};
		4DFCD9D21CB5634A009B22F9 /* DemoAppUITests */ = {
			isa = PBXGroup;
			children = (
				4DFCD9D31CB5634A009B22F9 /* DemoAppUITests.m */,
				4DFCD9D51CB5634A009B22F9 /* Info.plist */,
			);
			path = DemoAppUITests;
			sourceTree = "<group>";
		};
		4DFCD9E11CB56919009B22F9 /* Libs */ = {
			isa = PBXGroup;
			children = (
				4DC41A981CC8E013005F2FA9 /* SWRevealViewController.h */,
				4DC41A991CC8E013005F2FA9 /* SWRevealViewController.m */,
			);
			name = Libs;
			sourceTree = "<group>";
		};
		4DFCD9E21CB56921009B22F9 /* Models */ = {
			isa = PBXGroup;
			children = (
				4DA016601CB66C7F006670BE /* MKMapAnnotation.h */,
				4DA016611CB66C7F006670BE /* MKMapAnnotation.m */,
				4DE517741CB8449000B1F101 /* MKNote+CoreDataProperties.h */,
				4DE517751CB8449000B1F101 /* MKNote+CoreDataProperties.m */,
				4DE517761CB8449000B1F101 /* MKNote.h */,
				4DE517771CB8449000B1F101 /* MKNote.m */,
				4DB3EA9A1CC7AB3400CFC547 /* MKPost.h */,
				4DB3EA9B1CC7AB3400CFC547 /* MKPost.m */,
				4DFCD9B71CB5634A009B22F9 /* DemoApp.xcdatamodeld */,
			);
			name = Models;
			sourceTree = "<group>";
		};
		5575F968CBB690F0D4BFB8B8 /* Pods */ = {
			isa = PBXGroup;
			children = (
				40F03144E14C7340CAA67543 /* Pods-DemoApp.debug.xcconfig */,
				38D2CB439A8E2E52EB377F77 /* Pods-DemoApp.release.xcconfig */,
			);
			name = Pods;
			sourceTree = "<group>";
		};
/* End PBXGroup section */

/* Begin PBXNativeTarget section */
		4DFCD9A71CB5634A009B22F9 /* DemoApp */ = {
			isa = PBXNativeTarget;
			buildConfigurationList = 4DFCD9D81CB5634A009B22F9 /* Build configuration list for PBXNativeTarget "DemoApp" */;
			buildPhases = (
				7AC38885F8A4EE640C56672F /* Check Pods Manifest.lock */,
				4DFCD9A41CB5634A009B22F9 /* Sources */,
				4DFCD9A51CB5634A009B22F9 /* Frameworks */,
				4DFCD9A61CB5634A009B22F9 /* Resources */,
				DB6D9F7F4D17D22DFA9119EB /* Embed Pods Frameworks */,
				0D476B7D51B6C46E448585BA /* Copy Pods Resources */,
			);
			buildRules = (
			);
			dependencies = (
			);
			name = DemoApp;
			productName = DemoApp;
			productReference = 4DFCD9A81CB5634A009B22F9 /* DemoApp.app */;
			productType = "com.apple.product-type.application";
		};
		4DFCD9C31CB5634A009B22F9 /* DemoAppTests */ = {
			isa = PBXNativeTarget;
			buildConfigurationList = 4DFCD9DB1CB5634A009B22F9 /* Build configuration list for PBXNativeTarget "DemoAppTests" */;
			buildPhases = (
				4DFCD9C01CB5634A009B22F9 /* Sources */,
				4DFCD9C11CB5634A009B22F9 /* Frameworks */,
				4DFCD9C21CB5634A009B22F9 /* Resources */,
			);
			buildRules = (
			);
			dependencies = (
				4DFCD9C61CB5634A009B22F9 /* PBXTargetDependency */,
			);
			name = DemoAppTests;
			productName = DemoAppTests;
			productReference = 4DFCD9C41CB5634A009B22F9 /* DemoAppTests.xctest */;
			productType = "com.apple.product-type.bundle.unit-test";
		};
		4DFCD9CE1CB5634A009B22F9 /* DemoAppUITests */ = {
			isa = PBXNativeTarget;
			buildConfigurationList = 4DFCD9DE1CB5634A009B22F9 /* Build configuration list for PBXNativeTarget "DemoAppUITests" */;
			buildPhases = (
				4DFCD9CB1CB5634A009B22F9 /* Sources */,
				4DFCD9CC1CB5634A009B22F9 /* Frameworks */,
				4DFCD9CD1CB5634A009B22F9 /* Resources */,
			);
			buildRules = (
			);
			dependencies = (
				4DFCD9D11CB5634A009B22F9 /* PBXTargetDependency */,
			);
			name = DemoAppUITests;
			productName = DemoAppUITests;
			productReference = 4DFCD9CF1CB5634A009B22F9 /* DemoAppUITests.xctest */;
			productType = "com.apple.product-type.bundle.ui-testing";
		};
/* End PBXNativeTarget section */

/* Begin PBXProject section */
		4DFCD9A01CB5634A009B22F9 /* Project object */ = {
			isa = PBXProject;
			attributes = {
				LastUpgradeCheck = 0730;
				ORGANIZATIONNAME = "Max Kalahur";
				TargetAttributes = {
					4DFCD9A71CB5634A009B22F9 = {
						CreatedOnToolsVersion = 7.3;
					};
					4DFCD9C31CB5634A009B22F9 = {
						CreatedOnToolsVersion = 7.3;
						TestTargetID = 4DFCD9A71CB5634A009B22F9;
					};
					4DFCD9CE1CB5634A009B22F9 = {
						CreatedOnToolsVersion = 7.3;
						TestTargetID = 4DFCD9A71CB5634A009B22F9;
					};
				};
			};
			buildConfigurationList = 4DFCD9A31CB5634A009B22F9 /* Build configuration list for PBXProject "DemoApp" */;
			compatibilityVersion = "Xcode 3.2";
			developmentRegion = English;
			hasScannedForEncodings = 0;
			knownRegions = (
				en,
				Base,
			);
			mainGroup = 4DFCD99F1CB5634A009B22F9;
			productRefGroup = 4DFCD9A91CB5634A009B22F9 /* Products */;
			projectDirPath = "";
			projectRoot = "";
			targets = (
				4DFCD9A71CB5634A009B22F9 /* DemoApp */,
				4DFCD9C31CB5634A009B22F9 /* DemoAppTests */,
				4DFCD9CE1CB5634A009B22F9 /* DemoAppUITests */,
			);
		};
/* End PBXProject section */

/* Begin PBXResourcesBuildPhase section */
		4DFCD9A61CB5634A009B22F9 /* Resources */ = {
			isa = PBXResourcesBuildPhase;
			buildActionMask = 2147483647;
			files = (
				4DA0165C1CB66626006670BE /* locations.plist in Resources */,
				4DFCD9BE1CB5634A009B22F9 /* LaunchScreen.storyboard in Resources */,
				4DC41AA01CC8E260005F2FA9 /* menu.png in Resources */,
				4DC41AA11CC8E260005F2FA9 /* menu@2x.png in Resources */,
				4DFCD9BB1CB5634A009B22F9 /* Assets.xcassets in Resources */,
				4DFCD9B61CB5634A009B22F9 /* Main.storyboard in Resources */,
			);
			runOnlyForDeploymentPostprocessing = 0;
		};
		4DFCD9C21CB5634A009B22F9 /* Resources */ = {
			isa = PBXResourcesBuildPhase;
			buildActionMask = 2147483647;
			files = (
			);
			runOnlyForDeploymentPostprocessing = 0;
		};
		4DFCD9CD1CB5634A009B22F9 /* Resources */ = {
			isa = PBXResourcesBuildPhase;
			buildActionMask = 2147483647;
			files = (
			);
			runOnlyForDeploymentPostprocessing = 0;
		};
/* End PBXResourcesBuildPhase section */

/* Begin PBXShellScriptBuildPhase section */
		0D476B7D51B6C46E448585BA /* Copy Pods Resources */ = {
			isa = PBXShellScriptBuildPhase;
			buildActionMask = 2147483647;
			files = (
			);
			inputPaths = (
			);
			name = "Copy Pods Resources";
			outputPaths = (
			);
			runOnlyForDeploymentPostprocessing = 0;
			shellPath = /bin/sh;
			shellScript = "\"${SRCROOT}/Pods/Target Support Files/Pods-DemoApp/Pods-DemoApp-resources.sh\"\n";
			showEnvVarsInLog = 0;
		};
		7AC38885F8A4EE640C56672F /* Check Pods Manifest.lock */ = {
			isa = PBXShellScriptBuildPhase;
			buildActionMask = 2147483647;
			files = (
			);
			inputPaths = (
			);
			name = "Check Pods Manifest.lock";
			outputPaths = (
			);
			runOnlyForDeploymentPostprocessing = 0;
			shellPath = /bin/sh;
			shellScript = "diff \"${PODS_ROOT}/../Podfile.lock\" \"${PODS_ROOT}/Manifest.lock\" > /dev/null\nif [[ $? != 0 ]] ; then\n    cat << EOM\nerror: The sandbox is not in sync with the Podfile.lock. Run 'pod install' or update your CocoaPods installation.\nEOM\n    exit 1\nfi\n";
			showEnvVarsInLog = 0;
		};
		DB6D9F7F4D17D22DFA9119EB /* Embed Pods Frameworks */ = {
			isa = PBXShellScriptBuildPhase;
			buildActionMask = 2147483647;
			files = (
			);
			inputPaths = (
			);
			name = "Embed Pods Frameworks";
			outputPaths = (
			);
			runOnlyForDeploymentPostprocessing = 0;
			shellPath = /bin/sh;
			shellScript = "\"${SRCROOT}/Pods/Target Support Files/Pods-DemoApp/Pods-DemoApp-frameworks.sh\"\n";
			showEnvVarsInLog = 0;
		};
/* End PBXShellScriptBuildPhase section */

/* Begin PBXSourcesBuildPhase section */
		4DFCD9A41CB5634A009B22F9 /* Sources */ = {
			isa = PBXSourcesBuildPhase;
			buildActionMask = 2147483647;
			files = (
				4DA016621CB66C7F006670BE /* MKMapAnnotation.m in Sources */,
				4DE517791CB8449000B1F101 /* MKNote.m in Sources */,
				4D00CD8D1CC5523E00566FCD /* MKVKLoginViewController.m in Sources */,
				4DFCD9B31CB5634A009B22F9 /* MKMainViewController.m in Sources */,
				4DA016571CB65E4B006670BE /* MKSidebarTableViewController.m in Sources */,
				4DFCD9B01CB5634A009B22F9 /* MKAppDelegate.m in Sources */,
				4DC41A9A1CC8E013005F2FA9 /* SWRevealViewController.m in Sources */,
				4DC41A9D1CC8E0C3005F2FA9 /* MKPostCell.m in Sources */,
				4D9998551CB6E08600760156 /* MKNotesTableViewController.m in Sources */,
				4D13AD581CC4D81B00261C51 /* MKNotesViewController.m in Sources */,
				4DB3EA9C1CC7AB3400CFC547 /* MKPost.m in Sources */,
				4D00CD851CC5501000566FCD /* MKVKPostViewController.m in Sources */,
				4DA0165F1CB6672E006670BE /* MKDataManager.m in Sources */,
				4DA016651CB67AF4006670BE /* MKMapDataManager.m in Sources */,
				4DE517781CB8449000B1F101 /* MKNote+CoreDataProperties.m in Sources */,
				4D00CD821CC54FC000566FCD /* MKVKTableViewController.m in Sources */,
				4D00CD901CC56E6C00566FCD /* MKVKNavigationViewController.m in Sources */,
				4DFCD9B91CB5634A009B22F9 /* DemoApp.xcdatamodeld in Sources */,
				4DFCD9AD1CB5634A009B22F9 /* main.m in Sources */,
				4DA016541CB65BA4006670BE /* MKMapViewController.m in Sources */,
			);
			runOnlyForDeploymentPostprocessing = 0;
		};
		4DFCD9C01CB5634A009B22F9 /* Sources */ = {
			isa = PBXSourcesBuildPhase;
			buildActionMask = 2147483647;
			files = (
				4DFCD9C91CB5634A009B22F9 /* DemoAppTests.m in Sources */,
			);
			runOnlyForDeploymentPostprocessing = 0;
		};
		4DFCD9CB1CB5634A009B22F9 /* Sources */ = {
			isa = PBXSourcesBuildPhase;
			buildActionMask = 2147483647;
			files = (
				4DFCD9D41CB5634A009B22F9 /* DemoAppUITests.m in Sources */,
			);
			runOnlyForDeploymentPostprocessing = 0;
		};
/* End PBXSourcesBuildPhase section */

/* Begin PBXTargetDependency section */
		4DFCD9C61CB5634A009B22F9 /* PBXTargetDependency */ = {
			isa = PBXTargetDependency;
			target = 4DFCD9A71CB5634A009B22F9 /* DemoApp */;
			targetProxy = 4DFCD9C51CB5634A009B22F9 /* PBXContainerItemProxy */;
		};
		4DFCD9D11CB5634A009B22F9 /* PBXTargetDependency */ = {
			isa = PBXTargetDependency;
			target = 4DFCD9A71CB5634A009B22F9 /* DemoApp */;
			targetProxy = 4DFCD9D01CB5634A009B22F9 /* PBXContainerItemProxy */;
		};
/* End PBXTargetDependency section */

/* Begin PBXVariantGroup section */
		4DFCD9B41CB5634A009B22F9 /* Main.storyboard */ = {
			isa = PBXVariantGroup;
			children = (
				4DFCD9B51CB5634A009B22F9 /* Base */,
			);
			name = Main.storyboard;
			sourceTree = "<group>";
		};
		4DFCD9BC1CB5634A009B22F9 /* LaunchScreen.storyboard */ = {
			isa = PBXVariantGroup;
			children = (
				4DFCD9BD1CB5634A009B22F9 /* Base */,
			);
			name = LaunchScreen.storyboard;
			sourceTree = "<group>";
		};
/* End PBXVariantGroup section */

/* Begin XCBuildConfiguration section */
		4DFCD9D61CB5634A009B22F9 /* Debug */ = {
			isa = XCBuildConfiguration;
			buildSettings = {
				ALWAYS_SEARCH_USER_PATHS = NO;
				CLANG_ANALYZER_NONNULL = YES;
				CLANG_CXX_LANGUAGE_STANDARD = "gnu++0x";
				CLANG_CXX_LIBRARY = "libc++";
				CLANG_ENABLE_MODULES = YES;
				CLANG_ENABLE_OBJC_ARC = YES;
				CLANG_WARN_BOOL_CONVERSION = YES;
				CLANG_WARN_CONSTANT_CONVERSION = YES;
				CLANG_WARN_DIRECT_OBJC_ISA_USAGE = YES_ERROR;
				CLANG_WARN_EMPTY_BODY = YES;
				CLANG_WARN_ENUM_CONVERSION = YES;
				CLANG_WARN_INT_CONVERSION = YES;
				CLANG_WARN_OBJC_ROOT_CLASS = YES_ERROR;
				CLANG_WARN_UNREACHABLE_CODE = YES;
				CLANG_WARN__DUPLICATE_METHOD_MATCH = YES;
				"CODE_SIGN_IDENTITY[sdk=iphoneos*]" = "iPhone Developer";
				COPY_PHASE_STRIP = NO;
				DEBUG_INFORMATION_FORMAT = dwarf;
				ENABLE_STRICT_OBJC_MSGSEND = YES;
				ENABLE_TESTABILITY = YES;
				GCC_C_LANGUAGE_STANDARD = gnu99;
				GCC_DYNAMIC_NO_PIC = NO;
				GCC_NO_COMMON_BLOCKS = YES;
				GCC_OPTIMIZATION_LEVEL = 0;
				GCC_PREPROCESSOR_DEFINITIONS = (
					"DEBUG=1",
					"$(inherited)",
				);
				GCC_WARN_64_TO_32_BIT_CONVERSION = YES;
				GCC_WARN_ABOUT_RETURN_TYPE = YES_ERROR;
				GCC_WARN_UNDECLARED_SELECTOR = YES;
				GCC_WARN_UNINITIALIZED_AUTOS = YES_AGGRESSIVE;
				GCC_WARN_UNUSED_FUNCTION = YES;
				GCC_WARN_UNUSED_VARIABLE = YES;
				HEADER_SEARCH_PATHS = "\"${PODS_ROOT}/Headers/Public/VK-ios-sdk\"";
				IPHONEOS_DEPLOYMENT_TARGET = 9.3;
				LIBRARY_SEARCH_PATHS = "\"${PODS_ROOT}/Headers/Public/VK-ios-sdk\"";
				MTL_ENABLE_DEBUG_INFO = YES;
				ONLY_ACTIVE_ARCH = YES;
				SDKROOT = iphoneos;
				TARGETED_DEVICE_FAMILY = "1,2";
			};
			name = Debug;
		};
		4DFCD9D71CB5634A009B22F9 /* Release */ = {
			isa = XCBuildConfiguration;
			buildSettings = {
				ALWAYS_SEARCH_USER_PATHS = NO;
				CLANG_ANALYZER_NONNULL = YES;
				CLANG_CXX_LANGUAGE_STANDARD = "gnu++0x";
				CLANG_CXX_LIBRARY = "libc++";
				CLANG_ENABLE_MODULES = YES;
				CLANG_ENABLE_OBJC_ARC = YES;
				CLANG_WARN_BOOL_CONVERSION = YES;
				CLANG_WARN_CONSTANT_CONVERSION = YES;
				CLANG_WARN_DIRECT_OBJC_ISA_USAGE = YES_ERROR;
				CLANG_WARN_EMPTY_BODY = YES;
				CLANG_WARN_ENUM_CONVERSION = YES;
				CLANG_WARN_INT_CONVERSION = YES;
				CLANG_WARN_OBJC_ROOT_CLASS = YES_ERROR;
				CLANG_WARN_UNREACHABLE_CODE = YES;
				CLANG_WARN__DUPLICATE_METHOD_MATCH = YES;
				"CODE_SIGN_IDENTITY[sdk=iphoneos*]" = "iPhone Developer";
				COPY_PHASE_STRIP = NO;
				DEBUG_INFORMATION_FORMAT = "dwarf-with-dsym";
				ENABLE_NS_ASSERTIONS = NO;
				ENABLE_STRICT_OBJC_MSGSEND = YES;
				GCC_C_LANGUAGE_STANDARD = gnu99;
				GCC_NO_COMMON_BLOCKS = YES;
				GCC_WARN_64_TO_32_BIT_CONVERSION = YES;
				GCC_WARN_ABOUT_RETURN_TYPE = YES_ERROR;
				GCC_WARN_UNDECLARED_SELECTOR = YES;
				GCC_WARN_UNINITIALIZED_AUTOS = YES_AGGRESSIVE;
				GCC_WARN_UNUSED_FUNCTION = YES;
				GCC_WARN_UNUSED_VARIABLE = YES;
				HEADER_SEARCH_PATHS = "\"${PODS_ROOT}/Headers/Public/VK-ios-sdk\"";
				IPHONEOS_DEPLOYMENT_TARGET = 9.3;
				LIBRARY_SEARCH_PATHS = "\"${PODS_ROOT}/Headers/Public/VK-ios-sdk\"";
				MTL_ENABLE_DEBUG_INFO = NO;
				SDKROOT = iphoneos;
				TARGETED_DEVICE_FAMILY = "1,2";
				VALIDATE_PRODUCT = YES;
			};
			name = Release;
		};
		4DFCD9D91CB5634A009B22F9 /* Debug */ = {
			isa = XCBuildConfiguration;
			baseConfigurationReference = 40F03144E14C7340CAA67543 /* Pods-DemoApp.debug.xcconfig */;
			buildSettings = {
				ASSETCATALOG_COMPILER_APPICON_NAME = AppIcon;
				FRAMEWORK_SEARCH_PATHS = "\"${PODS_ROOT}/Headers/Public/VK-ios-sdk\"";
				HEADER_SEARCH_PATHS = (
					"$(inherited)",
					"\"${PODS_ROOT}/Headers/Public\"",
					"\"${PODS_ROOT}/Headers/Public/VK-ios-sdk\"",
				);
				INFOPLIST_FILE = DemoApp/Info.plist;
				LD_RUNPATH_SEARCH_PATHS = "$(inherited) @executable_path/Frameworks";
				LIBRARY_SEARCH_PATHS = "\"${PODS_ROOT}/Headers/Public/VK-ios-sdk\"";
				OTHER_LDFLAGS = (
					"$(inherited)",
					"-ObjC",
					"-l\"VK-ios-sdk\"",
					"-framework",
					"\"CoreGraphics\"",
					"-framework",
					"\"Foundation\"",
					"-framework",
					"\"SafariServices\"",
					"-framework",
					"\"Security\"",
					"-framework",
					"\"UIKit\"",
				);
				PRODUCT_BUNDLE_IDENTIFIER = maxkalagur.DemoApp;
				PRODUCT_NAME = "$(TARGET_NAME)";
				USER_HEADER_SEARCH_PATHS = "\"${PODS_ROOT}/Headers/Public/VK-ios-sdk\"";
			};
			name = Debug;
		};
		4DFCD9DA1CB5634A009B22F9 /* Release */ = {
			isa = XCBuildConfiguration;
			baseConfigurationReference = 38D2CB439A8E2E52EB377F77 /* Pods-DemoApp.release.xcconfig */;
			buildSettings = {
				ASSETCATALOG_COMPILER_APPICON_NAME = AppIcon;
				FRAMEWORK_SEARCH_PATHS = "\"${PODS_ROOT}/Headers/Public/VK-ios-sdk\"";
				HEADER_SEARCH_PATHS = (
					"$(inherited)",
					"\"${PODS_ROOT}/Headers/Public\"",
					"\"${PODS_ROOT}/Headers/Public/VK-ios-sdk\"",
				);
				INFOPLIST_FILE = DemoApp/Info.plist;
				LD_RUNPATH_SEARCH_PATHS = "$(inherited) @executable_path/Frameworks";
				LIBRARY_SEARCH_PATHS = "\"${PODS_ROOT}/Headers/Public/VK-ios-sdk\"";
				OTHER_LDFLAGS = (
					"$(inherited)",
					"-ObjC",
					"-l\"VK-ios-sdk\"",
					"-framework",
					"\"CoreGraphics\"",
					"-framework",
					"\"Foundation\"",
					"-framework",
					"\"SafariServices\"",
					"-framework",
					"\"Security\"",
					"-framework",
					"\"UIKit\"",
				);
				PRODUCT_BUNDLE_IDENTIFIER = maxkalagur.DemoApp;
				PRODUCT_NAME = "$(TARGET_NAME)";
				USER_HEADER_SEARCH_PATHS = "\"${PODS_ROOT}/Headers/Public/VK-ios-sdk\"";
			};
			name = Release;
		};
		4DFCD9DC1CB5634A009B22F9 /* Debug */ = {
			isa = XCBuildConfiguration;
			buildSettings = {
				FRAMEWORK_SEARCH_PATHS = "\"${PODS_ROOT}/Headers/Public/VK-ios-sdk\"";
				HEADER_SEARCH_PATHS = "\"${PODS_ROOT}/Headers/Public/VK-ios-sdk\"";
				INFOPLIST_FILE = DemoAppTests/Info.plist;
				LD_RUNPATH_SEARCH_PATHS = "$(inherited) @executable_path/Frameworks @loader_path/Frameworks";
				LIBRARY_SEARCH_PATHS = "\"${PODS_ROOT}/Headers/Public/VK-ios-sdk\"";
				PRODUCT_BUNDLE_IDENTIFIER = maxkalagur.DemoAppTests;
				PRODUCT_NAME = "$(TARGET_NAME)";
				TEST_HOST = "$(BUILT_PRODUCTS_DIR)/DemoApp.app/DemoApp";
				USER_HEADER_SEARCH_PATHS = "\"${PODS_ROOT}/Headers/Public/VK-ios-sdk\"";
			};
			name = Debug;
		};
		4DFCD9DD1CB5634A009B22F9 /* Release */ = {
			isa = XCBuildConfiguration;
			buildSettings = {
				FRAMEWORK_SEARCH_PATHS = "\"${PODS_ROOT}/Headers/Public/VK-ios-sdk\"";
				HEADER_SEARCH_PATHS = "\"${PODS_ROOT}/Headers/Public/VK-ios-sdk\"";
				INFOPLIST_FILE = DemoAppTests/Info.plist;
				LD_RUNPATH_SEARCH_PATHS = "$(inherited) @executable_path/Frameworks @loader_path/Frameworks";
				LIBRARY_SEARCH_PATHS = "\"${PODS_ROOT}/Headers/Public/VK-ios-sdk\"";
				PRODUCT_BUNDLE_IDENTIFIER = maxkalagur.DemoAppTests;
				PRODUCT_NAME = "$(TARGET_NAME)";
				TEST_HOST = "$(BUILT_PRODUCTS_DIR)/DemoApp.app/DemoApp";
				USER_HEADER_SEARCH_PATHS = "\"${PODS_ROOT}/Headers/Public/VK-ios-sdk\"";
			};
			name = Release;
		};
		4DFCD9DF1CB5634A009B22F9 /* Debug */ = {
			isa = XCBuildConfiguration;
			buildSettings = {
				FRAMEWORK_SEARCH_PATHS = "\"${PODS_ROOT}/Headers/Public/VK-ios-sdk\"";
				HEADER_SEARCH_PATHS = "\"${PODS_ROOT}/Headers/Public/VK-ios-sdk\"";
				INFOPLIST_FILE = DemoAppUITests/Info.plist;
				LD_RUNPATH_SEARCH_PATHS = "$(inherited) @executable_path/Frameworks @loader_path/Frameworks";
				LIBRARY_SEARCH_PATHS = "\"${PODS_ROOT}/Headers/Public/VK-ios-sdk\"";
				PRODUCT_BUNDLE_IDENTIFIER = maxkalagur.DemoAppUITests;
				PRODUCT_NAME = "$(TARGET_NAME)";
				TEST_TARGET_NAME = DemoApp;
				USER_HEADER_SEARCH_PATHS = "\"${PODS_ROOT}/Headers/Public/VK-ios-sdk\"";
			};
			name = Debug;
		};
		4DFCD9E01CB5634A009B22F9 /* Release */ = {
			isa = XCBuildConfiguration;
			buildSettings = {
				FRAMEWORK_SEARCH_PATHS = "\"${PODS_ROOT}/Headers/Public/VK-ios-sdk\"";
				HEADER_SEARCH_PATHS = "\"${PODS_ROOT}/Headers/Public/VK-ios-sdk\"";
				INFOPLIST_FILE = DemoAppUITests/Info.plist;
				LD_RUNPATH_SEARCH_PATHS = "$(inherited) @executable_path/Frameworks @loader_path/Frameworks";
				LIBRARY_SEARCH_PATHS = "\"${PODS_ROOT}/Headers/Public/VK-ios-sdk\"";
				PRODUCT_BUNDLE_IDENTIFIER = maxkalagur.DemoAppUITests;
				PRODUCT_NAME = "$(TARGET_NAME)";
				TEST_TARGET_NAME = DemoApp;
				USER_HEADER_SEARCH_PATHS = "\"${PODS_ROOT}/Headers/Public/VK-ios-sdk\"";
			};
			name = Release;
		};
/* End XCBuildConfiguration section */

/* Begin XCConfigurationList section */
		4DFCD9A31CB5634A009B22F9 /* Build configuration list for PBXProject "DemoApp" */ = {
			isa = XCConfigurationList;
			buildConfigurations = (
				4DFCD9D61CB5634A009B22F9 /* Debug */,
				4DFCD9D71CB5634A009B22F9 /* Release */,
			);
			defaultConfigurationIsVisible = 0;
			defaultConfigurationName = Release;
		};
		4DFCD9D81CB5634A009B22F9 /* Build configuration list for PBXNativeTarget "DemoApp" */ = {
			isa = XCConfigurationList;
			buildConfigurations = (
				4DFCD9D91CB5634A009B22F9 /* Debug */,
				4DFCD9DA1CB5634A009B22F9 /* Release */,
			);
			defaultConfigurationIsVisible = 0;
			defaultConfigurationName = Release;
		};
		4DFCD9DB1CB5634A009B22F9 /* Build configuration list for PBXNativeTarget "DemoAppTests" */ = {
			isa = XCConfigurationList;
			buildConfigurations = (
				4DFCD9DC1CB5634A009B22F9 /* Debug */,
				4DFCD9DD1CB5634A009B22F9 /* Release */,
			);
			defaultConfigurationIsVisible = 0;
			defaultConfigurationName = Release;
		};
		4DFCD9DE1CB5634A009B22F9 /* Build configuration list for PBXNativeTarget "DemoAppUITests" */ = {
			isa = XCConfigurationList;
			buildConfigurations = (
				4DFCD9DF1CB5634A009B22F9 /* Debug */,
				4DFCD9E01CB5634A009B22F9 /* Release */,
			);
			defaultConfigurationIsVisible = 0;
			defaultConfigurationName = Release;
		};
/* End XCConfigurationList section */

/* Begin XCVersionGroup section */
		4DFCD9B71CB5634A009B22F9 /* DemoApp.xcdatamodeld */ = {
			isa = XCVersionGroup;
			children = (
				4DFCD9B81CB5634A009B22F9 /* DemoApp.xcdatamodel */,
			);
			currentVersion = 4DFCD9B81CB5634A009B22F9 /* DemoApp.xcdatamodel */;
			path = DemoApp.xcdatamodeld;
			sourceTree = "<group>";
			versionGroupType = wrapper.xcdatamodel;
		};
/* End XCVersionGroup section */
	};
	rootObject = 4DFCD9A01CB5634A009B22F9 /* Project object */;
}
